
Microsoft Visual Studio Solution File, Format Version 12.00
# Visual Studio Version 16
VisualStudioVersion = 16.0.31729.503
MinimumVisualStudioVersion = 10.0.40219.1
Project("{FAE04EC0-301F-11D3-BF4B-00C04F79EFBC}") = "Directory.Client", "Directory.Client.csproj", "{BAA97FC9-24A4-476D-8A31-DA67D7D7531F}"
EndProject
Global
	GlobalSection(SolutionConfigurationPlatforms) = preSolution
		Debug|Any CPU = Debug|Any CPU
		Release|Any CPU = Release|Any CPU
	EndGlobalSection
	GlobalSection(ProjectConfigurationPlatforms) = postSolution
		{BAA97FC9-24A4-476D-8A31-DA67D7D7531F}.Debug|Any CPU.ActiveCfg = Debug|Any CPU
		{BAA97FC9-24A4-476D-8A31-DA67D7D7531F}.Debug|Any CPU.Build.0 = Debug|Any CPU
		{BAA97FC9-24A4-476D-8A31-DA67D7D7531F}.Release|Any CPU.ActiveCfg = Release|Any CPU
		{BAA97FC9-24A4-476D-8A31-DA67D7D7531F}.Release|Any CPU.Build.0 = Release|Any CPU
	EndGlobalSection
	GlobalSection(SolutionProperties) = preSolution
		HideSolutionNode = FALSE
	EndGlobalSection
	GlobalSection(ExtensibilityGlobals) = postSolution
		SolutionGuid = {4F88B285-85D9-4700-B9A8-FF4798C3BFA3}
	EndGlobalSection
EndGlobal
